<Solution>
  <Folder Name="/.global/">
    <File Path=".editorconfig" />
    <File Path=".gitattributes" />
    <File Path=".gitignore" />
    <File Path="GitVersion.yaml" />
    <File Path="LICENSE" />
    <File Path="README.md" />
    <File Path="global.json" />
    <File Path="nuget.config" />
  </Folder>
  <Project Path="AbbTs.Examples.HomeAutomation.Firefighter.Webhost/AbbTs.Examples.HomeAutomation.Firefighter.Webhost.csproj" />
</Solution>
